
Microsoft Visual Studio Solution File, Format Version 12.00
# Visual Studio Version 17
VisualStudioVersion = 17.4.33110.190
MinimumVisualStudioVersion = 10.0.40219.1
Project("{9A19103F-16F7-4668-BE54-9A1E7A4F7556}") = "Thor Bank", "Thor Bank\Thor Bank.csproj", "{CE3A8E4B-5665-429C-B956-0EB8B8163ED9}"
EndProject
Global
	GlobalSection(SolutionConfigurationPlatforms) = preSolution
		Debug|Any CPU = Debug|Any CPU
		Release|Any CPU = Release|Any CPU
	EndGlobalSection
	GlobalSection(ProjectConfigurationPlatforms) = postSolution
		{CE3A8E4B-5665-429C-B956-0EB8B8163ED9}.Debug|Any CPU.ActiveCfg = Debug|Any CPU
		{CE3A8E4B-5665-429C-B956-0EB8B8163ED9}.Debug|Any CPU.Build.0 = Debug|Any CPU
		{CE3A8E4B-5665-429C-B956-0EB8B8163ED9}.Release|Any CPU.ActiveCfg = Release|Any CPU
		{CE3A8E4B-5665-429C-B956-0EB8B8163ED9}.Release|Any CPU.Build.0 = Release|Any CPU
	EndGlobalSection
	GlobalSection(SolutionProperties) = preSolution
		HideSolutionNode = FALSE
	EndGlobalSection
	GlobalSection(ExtensibilityGlobals) = postSolution
		SolutionGuid = {23D09BB3-6751-4EE9-A743-243D8CBD0836}
	EndGlobalSection
EndGlobal
